
Microsoft Visual Studio Solution File, Format Version 12.00
# Visual Studio Version 16
VisualStudioVersion = 16.0.31229.75
MinimumVisualStudioVersion = 10.0.40219.1
Project("{9A19103F-16F7-4668-BE54-9A1E7A4F7556}") = "ShantiesSongbook", "ShantiesSongbook\ShantiesSongbook.csproj", "{A403DE1E-AA77-4E01-8832-B4446940A267}"
EndProject
Project("{9A19103F-16F7-4668-BE54-9A1E7A4F7556}") = "ShantiesSongbookTests", "ShantiesSongbookTests\ShantiesSongbookTests.csproj", "{E8205554-73AA-448F-953D-C5E2B72C94F8}"
EndProject
Project("{9A19103F-16F7-4668-BE54-9A1E7A4F7556}") = "DataAccess", "DataAccess\DataAccess.csproj", "{401D4B79-C3B2-443D-8833-7D4A541A2505}"
EndProject
Project("{9A19103F-16F7-4668-BE54-9A1E7A4F7556}") = "DataConverter", "DataConverter\DataConverter.csproj", "{D9EAA57F-D93D-4CE4-A0EE-D9691605F955}"
EndProject
Global
	GlobalSection(SolutionConfigurationPlatforms) = preSolution
		Debug|Any CPU = Debug|Any CPU
		Release|Any CPU = Release|Any CPU
	EndGlobalSection
	GlobalSection(ProjectConfigurationPlatforms) = postSolution
		{A403DE1E-AA77-4E01-8832-B4446940A267}.Debug|Any CPU.ActiveCfg = Debug|Any CPU
		{A403DE1E-AA77-4E01-8832-B4446940A267}.Debug|Any CPU.Build.0 = Debug|Any CPU
		{A403DE1E-AA77-4E01-8832-B4446940A267}.Release|Any CPU.ActiveCfg = Release|Any CPU
		{A403DE1E-AA77-4E01-8832-B4446940A267}.Release|Any CPU.Build.0 = Release|Any CPU
		{E8205554-73AA-448F-953D-C5E2B72C94F8}.Debug|Any CPU.ActiveCfg = Debug|Any CPU
		{E8205554-73AA-448F-953D-C5E2B72C94F8}.Debug|Any CPU.Build.0 = Debug|Any CPU
		{E8205554-73AA-448F-953D-C5E2B72C94F8}.Release|Any CPU.ActiveCfg = Release|Any CPU
		{E8205554-73AA-448F-953D-C5E2B72C94F8}.Release|Any CPU.Build.0 = Release|Any CPU
		{401D4B79-C3B2-443D-8833-7D4A541A2505}.Debug|Any CPU.ActiveCfg = Debug|Any CPU
		{401D4B79-C3B2-443D-8833-7D4A541A2505}.Debug|Any CPU.Build.0 = Debug|Any CPU
		{401D4B79-C3B2-443D-8833-7D4A541A2505}.Release|Any CPU.ActiveCfg = Release|Any CPU
		{401D4B79-C3B2-443D-8833-7D4A541A2505}.Release|Any CPU.Build.0 = Release|Any CPU
		{D9EAA57F-D93D-4CE4-A0EE-D9691605F955}.Debug|Any CPU.ActiveCfg = Debug|Any CPU
		{D9EAA57F-D93D-4CE4-A0EE-D9691605F955}.Debug|Any CPU.Build.0 = Debug|Any CPU
		{D9EAA57F-D93D-4CE4-A0EE-D9691605F955}.Release|Any CPU.ActiveCfg = Release|Any CPU
		{D9EAA57F-D93D-4CE4-A0EE-D9691605F955}.Release|Any CPU.Build.0 = Release|Any CPU
	EndGlobalSection
	GlobalSection(SolutionProperties) = preSolution
		HideSolutionNode = FALSE
	EndGlobalSection
	GlobalSection(ExtensibilityGlobals) = postSolution
		SolutionGuid = {C13FF8F3-2757-4D91-9D9F-BB485F47FCF0}
	EndGlobalSection
EndGlobal
