
Microsoft Visual Studio Solution File, Format Version 12.00
# Visual Studio Version 16
VisualStudioVersion = 16.0.29503.13
MinimumVisualStudioVersion = 10.0.40219.1
Project("{FAE04EC0-301F-11D3-BF4B-00C04F79EFBC}") = "ShantiesSongbook", "ShantiesSongbook\ShantiesSongbook.csproj", "{AFA0DB46-78F9-438F-AA06-355D45A7715E}"
EndProject
Project("{FAE04EC0-301F-11D3-BF4B-00C04F79EFBC}") = "ShantiesSongbookTests", "ShantiesSongbookTests\ShantiesSongbookTests.csproj", "{F7ECAD18-3AB0-40FE-BEE3-1ABF381A4762}"
EndProject
Global
	GlobalSection(SolutionConfigurationPlatforms) = preSolution
		Debug|Any CPU = Debug|Any CPU
		Release|Any CPU = Release|Any CPU
	EndGlobalSection
	GlobalSection(ProjectConfigurationPlatforms) = postSolution
		{AFA0DB46-78F9-438F-AA06-355D45A7715E}.Debug|Any CPU.ActiveCfg = Debug|Any CPU
		{AFA0DB46-78F9-438F-AA06-355D45A7715E}.Debug|Any CPU.Build.0 = Debug|Any CPU
		{AFA0DB46-78F9-438F-AA06-355D45A7715E}.Release|Any CPU.ActiveCfg = Release|Any CPU
		{AFA0DB46-78F9-438F-AA06-355D45A7715E}.Release|Any CPU.Build.0 = Release|Any CPU
		{F7ECAD18-3AB0-40FE-BEE3-1ABF381A4762}.Debug|Any CPU.ActiveCfg = Debug|Any CPU
		{F7ECAD18-3AB0-40FE-BEE3-1ABF381A4762}.Debug|Any CPU.Build.0 = Debug|Any CPU
		{F7ECAD18-3AB0-40FE-BEE3-1ABF381A4762}.Release|Any CPU.ActiveCfg = Release|Any CPU
		{F7ECAD18-3AB0-40FE-BEE3-1ABF381A4762}.Release|Any CPU.Build.0 = Release|Any CPU
	EndGlobalSection
	GlobalSection(SolutionProperties) = preSolution
		HideSolutionNode = FALSE
	EndGlobalSection
	GlobalSection(ExtensibilityGlobals) = postSolution
		SolutionGuid = {4E0AE6EB-687F-4E4D-BC89-26FCA992ADFC}
	EndGlobalSection
EndGlobal
